
Microsoft Visual Studio Solution File, Format Version 12.00
# Visual Studio Version 16
VisualStudioVersion = 16.0.31702.278
MinimumVisualStudioVersion = 10.0.40219.1
Project("{FAE04EC0-301F-11D3-BF4B-00C04F79EFBC}") = "UserMaintenance", "UserMaintenance\UserMaintenance.csproj", "{4A6820A1-D8FB-48D1-8765-D2CDE656625B}"
EndProject
Project("{FAE04EC0-301F-11D3-BF4B-00C04F79EFBC}") = "Excel", "Excel\Excel.csproj", "{2959738A-41A5-493B-9A42-A98C07BB23D6}"
EndProject
Project("{FAE04EC0-301F-11D3-BF4B-00C04F79EFBC}") = "ValueAtRisk", "ValueAtRisk\ValueAtRisk.csproj", "{EC183ACC-8130-408C-8F91-95633EE3AAA2}"
EndProject
Project("{FAE04EC0-301F-11D3-BF4B-00C04F79EFBC}") = "Arfolyam", "Arfolyam\Arfolyam.csproj", "{21BC43AB-2B62-4AE3-A5DD-F64BC38D2E26}"
EndProject
Project("{FAE04EC0-301F-11D3-BF4B-00C04F79EFBC}") = "Labda", "Labda\Labda.csproj", "{39BE95CD-373B-41EE-8AC9-237DEF2B069E}"
EndProject
Project("{FAE04EC0-301F-11D3-BF4B-00C04F79EFBC}") = "UnitTestExample", "..\..\..\IRF házik\Unit\UnitTestExample\UnitTestExample.csproj", "{F1FBDBB6-FEBA-421B-A647-484ED380E500}"
EndProject
Global
	GlobalSection(SolutionConfigurationPlatforms) = preSolution
		Debug|Any CPU = Debug|Any CPU
		Release|Any CPU = Release|Any CPU
	EndGlobalSection
	GlobalSection(ProjectConfigurationPlatforms) = postSolution
		{4A6820A1-D8FB-48D1-8765-D2CDE656625B}.Debug|Any CPU.ActiveCfg = Debug|Any CPU
		{4A6820A1-D8FB-48D1-8765-D2CDE656625B}.Debug|Any CPU.Build.0 = Debug|Any CPU
		{4A6820A1-D8FB-48D1-8765-D2CDE656625B}.Release|Any CPU.ActiveCfg = Release|Any CPU
		{4A6820A1-D8FB-48D1-8765-D2CDE656625B}.Release|Any CPU.Build.0 = Release|Any CPU
		{2959738A-41A5-493B-9A42-A98C07BB23D6}.Debug|Any CPU.ActiveCfg = Debug|Any CPU
		{2959738A-41A5-493B-9A42-A98C07BB23D6}.Debug|Any CPU.Build.0 = Debug|Any CPU
		{2959738A-41A5-493B-9A42-A98C07BB23D6}.Release|Any CPU.ActiveCfg = Release|Any CPU
		{2959738A-41A5-493B-9A42-A98C07BB23D6}.Release|Any CPU.Build.0 = Release|Any CPU
		{EC183ACC-8130-408C-8F91-95633EE3AAA2}.Debug|Any CPU.ActiveCfg = Debug|Any CPU
		{EC183ACC-8130-408C-8F91-95633EE3AAA2}.Debug|Any CPU.Build.0 = Debug|Any CPU
		{EC183ACC-8130-408C-8F91-95633EE3AAA2}.Release|Any CPU.ActiveCfg = Release|Any CPU
		{EC183ACC-8130-408C-8F91-95633EE3AAA2}.Release|Any CPU.Build.0 = Release|Any CPU
		{21BC43AB-2B62-4AE3-A5DD-F64BC38D2E26}.Debug|Any CPU.ActiveCfg = Debug|Any CPU
		{21BC43AB-2B62-4AE3-A5DD-F64BC38D2E26}.Debug|Any CPU.Build.0 = Debug|Any CPU
		{21BC43AB-2B62-4AE3-A5DD-F64BC38D2E26}.Release|Any CPU.ActiveCfg = Release|Any CPU
		{21BC43AB-2B62-4AE3-A5DD-F64BC38D2E26}.Release|Any CPU.Build.0 = Release|Any CPU
		{39BE95CD-373B-41EE-8AC9-237DEF2B069E}.Debug|Any CPU.ActiveCfg = Debug|Any CPU
		{39BE95CD-373B-41EE-8AC9-237DEF2B069E}.Debug|Any CPU.Build.0 = Debug|Any CPU
		{39BE95CD-373B-41EE-8AC9-237DEF2B069E}.Release|Any CPU.ActiveCfg = Release|Any CPU
		{39BE95CD-373B-41EE-8AC9-237DEF2B069E}.Release|Any CPU.Build.0 = Release|Any CPU
		{F1FBDBB6-FEBA-421B-A647-484ED380E500}.Debug|Any CPU.ActiveCfg = Debug|Any CPU
		{F1FBDBB6-FEBA-421B-A647-484ED380E500}.Debug|Any CPU.Build.0 = Debug|Any CPU
		{F1FBDBB6-FEBA-421B-A647-484ED380E500}.Release|Any CPU.ActiveCfg = Release|Any CPU
		{F1FBDBB6-FEBA-421B-A647-484ED380E500}.Release|Any CPU.Build.0 = Release|Any CPU
	EndGlobalSection
	GlobalSection(SolutionProperties) = preSolution
		HideSolutionNode = FALSE
	EndGlobalSection
	GlobalSection(ExtensibilityGlobals) = postSolution
		SolutionGuid = {1EBEB33D-DC6D-479B-B626-43853F3DE984}
	EndGlobalSection
EndGlobal
